{
  "nodes": {
    "nixpkgs": {
      "locked": {
        "lastModified": 1671034666,
        "narHash": "sha256-UBafqzvxP87kOSZPhvWmJjuTh7Lw1GdIYShY1IhskTs=",
        "owner": "NixOS",
        "repo": "nixpkgs",
        "rev": "f23251c93e53420d103f8a8cb338910e4c2e8a7a",
        "type": "github"
      },
      "original": {
        "owner": "NixOS",
        "repo": "nixpkgs",
        "type": "github"
      }
    },
    "root": {
      "inputs": {
        "nixpkgs": "nixpkgs"
      }
    }
  },
  "root": "root",
  "version": 7
}
