{
  "nodes": {
    "nixpkgs": {
      "locked": {
        "lastModified": 1668725244,
        "narHash": "sha256-dbUN+o2zB2pvbYBbKm7QtirOZR2B8e76N+3G2c7zl8M=",
        "owner": "NixOS",
        "repo": "nixpkgs",
        "rev": "e894d912810459b549b157d11183a32deb257d88",
        "type": "github"
      },
      "original": {
        "owner": "NixOS",
        "repo": "nixpkgs",
        "type": "github"
      }
    },
    "root": {
      "inputs": {
        "nixpkgs": "nixpkgs"
      }
    }
  },
  "root": "root",
  "version": 7
}
